
Microsoft Visual Studio Solution File, Format Version 12.00
# Visual Studio Version 17
VisualStudioVersion = 17.9.34728.123
MinimumVisualStudioVersion = 10.0.40219.1
Project("{FAE04EC0-301F-11D3-BF4B-00C04F79EFBC}") = "Tic Tac Toe Game", "Tic Tac Toe Game.csproj", "{321013D1-9F94-4400-BF12-3A9962DBD548}"
EndProject
Global
	GlobalSection(SolutionConfigurationPlatforms) = preSolution
		Debug|Any CPU = Debug|Any CPU
		Release|Any CPU = Release|Any CPU
	EndGlobalSection
	GlobalSection(ProjectConfigurationPlatforms) = postSolution
		{321013D1-9F94-4400-BF12-3A9962DBD548}.Debug|Any CPU.ActiveCfg = Debug|Any CPU
		{321013D1-9F94-4400-BF12-3A9962DBD548}.Debug|Any CPU.Build.0 = Debug|Any CPU
		{321013D1-9F94-4400-BF12-3A9962DBD548}.Release|Any CPU.ActiveCfg = Release|Any CPU
		{321013D1-9F94-4400-BF12-3A9962DBD548}.Release|Any CPU.Build.0 = Release|Any CPU
	EndGlobalSection
	GlobalSection(SolutionProperties) = preSolution
		HideSolutionNode = FALSE
	EndGlobalSection
	GlobalSection(ExtensibilityGlobals) = postSolution
		SolutionGuid = {96811BF9-B392-45CA-AAC4-FCE3FBE4977F}
	EndGlobalSection
EndGlobal
